
Microsoft Visual Studio Solution File, Format Version 12.00
# Visual Studio 15
VisualStudioVersion = 15.0.28010.2046
MinimumVisualStudioVersion = 10.0.40219.1
Project("{FAE04EC0-301F-11D3-BF4B-00C04F79EFBC}") = "JogoXadrez", "JogoXadrez\JogoXadrez.csproj", "{AC700463-2458-4866-B8D8-7EB6848956E7}"
EndProject
Global
	GlobalSection(SolutionConfigurationPlatforms) = preSolution
		Debug|Any CPU = Debug|Any CPU
		Release|Any CPU = Release|Any CPU
	EndGlobalSection
	GlobalSection(ProjectConfigurationPlatforms) = postSolution
		{AC700463-2458-4866-B8D8-7EB6848956E7}.Debug|Any CPU.ActiveCfg = Debug|Any CPU
		{AC700463-2458-4866-B8D8-7EB6848956E7}.Debug|Any CPU.Build.0 = Debug|Any CPU
		{AC700463-2458-4866-B8D8-7EB6848956E7}.Release|Any CPU.ActiveCfg = Release|Any CPU
		{AC700463-2458-4866-B8D8-7EB6848956E7}.Release|Any CPU.Build.0 = Release|Any CPU
	EndGlobalSection
	GlobalSection(SolutionProperties) = preSolution
		HideSolutionNode = FALSE
	EndGlobalSection
	GlobalSection(ExtensibilityGlobals) = postSolution
		SolutionGuid = {DD95ED2F-35DD-4B53-BB71-EC862B123EE2}
	EndGlobalSection
EndGlobal
